
Microsoft Visual Studio Solution File, Format Version 12.00
# Visual Studio Version 16
VisualStudioVersion = 16.0.28803.452
MinimumVisualStudioVersion = 10.0.40219.1
Project("{FAE04EC0-301F-11D3-BF4B-00C04F79EFBC}") = "ExampleGit", "ExampleGit\ExampleGit.csproj", "{59229424-7A84-460A-800E-B5DAF2323014}"
EndProject
Global
	GlobalSection(SolutionConfigurationPlatforms) = preSolution
		Debug|Any CPU = Debug|Any CPU
		Release|Any CPU = Release|Any CPU
	EndGlobalSection
	GlobalSection(ProjectConfigurationPlatforms) = postSolution
		{59229424-7A84-460A-800E-B5DAF2323014}.Debug|Any CPU.ActiveCfg = Debug|Any CPU
		{59229424-7A84-460A-800E-B5DAF2323014}.Debug|Any CPU.Build.0 = Debug|Any CPU
		{59229424-7A84-460A-800E-B5DAF2323014}.Release|Any CPU.ActiveCfg = Release|Any CPU
		{59229424-7A84-460A-800E-B5DAF2323014}.Release|Any CPU.Build.0 = Release|Any CPU
	EndGlobalSection
	GlobalSection(SolutionProperties) = preSolution
		HideSolutionNode = FALSE
	EndGlobalSection
	GlobalSection(ExtensibilityGlobals) = postSolution
		SolutionGuid = {16D582BC-09E0-4C3C-9C0B-674111E03176}
	EndGlobalSection
EndGlobal
